id: gnugym_gnugym_snrdebug_ff
label: GnuGym SNR Debug
category: [gnugym]

inputs:
-   domain: stream
    dtype: float
    vlen: 64
    multiplicity: '1'

outputs:
-   domain: stream
    dtype: float
    vlen: 64
    multiplicity: '1'


templates:
    imports: import gnugym
    make: gnugym.gnugym_snrdebug_ff()

file_format: 1
